
Microsoft Visual Studio Solution File, Format Version 12.00
# Visual Studio Version 16
VisualStudioVersion = 16.0.31424.327
MinimumVisualStudioVersion = 10.0.40219.1
Project("{FAE04EC0-301F-11D3-BF4B-00C04F79EFBC}") = "Line-by-line_sorting", "Line-by-line_sorting\Line-by-line_sorting.csproj", "{2B5870BE-3B72-47CF-A3AD-8DE1E861B705}"
EndProject
Project("{FAE04EC0-301F-11D3-BF4B-00C04F79EFBC}") = "Line-by-line_sorting.Domain", "Line-by-line_sorting.Domain\Line-by-line_sorting.Domain.csproj", "{9DC419F2-3CA4-4849-B8C5-E83E70AB8374}"
EndProject
Global
	GlobalSection(SolutionConfigurationPlatforms) = preSolution
		Debug|Any CPU = Debug|Any CPU
		Release|Any CPU = Release|Any CPU
	EndGlobalSection
	GlobalSection(ProjectConfigurationPlatforms) = postSolution
		{2B5870BE-3B72-47CF-A3AD-8DE1E861B705}.Debug|Any CPU.ActiveCfg = Debug|Any CPU
		{2B5870BE-3B72-47CF-A3AD-8DE1E861B705}.Debug|Any CPU.Build.0 = Debug|Any CPU
		{2B5870BE-3B72-47CF-A3AD-8DE1E861B705}.Release|Any CPU.ActiveCfg = Release|Any CPU
		{2B5870BE-3B72-47CF-A3AD-8DE1E861B705}.Release|Any CPU.Build.0 = Release|Any CPU
		{9DC419F2-3CA4-4849-B8C5-E83E70AB8374}.Debug|Any CPU.ActiveCfg = Debug|Any CPU
		{9DC419F2-3CA4-4849-B8C5-E83E70AB8374}.Debug|Any CPU.Build.0 = Debug|Any CPU
		{9DC419F2-3CA4-4849-B8C5-E83E70AB8374}.Release|Any CPU.ActiveCfg = Release|Any CPU
		{9DC419F2-3CA4-4849-B8C5-E83E70AB8374}.Release|Any CPU.Build.0 = Release|Any CPU
	EndGlobalSection
	GlobalSection(SolutionProperties) = preSolution
		HideSolutionNode = FALSE
	EndGlobalSection
	GlobalSection(ExtensibilityGlobals) = postSolution
		SolutionGuid = {06971212-5EF3-42AC-9DC7-31F6D827C67F}
	EndGlobalSection
EndGlobal
